# generated by rye
# use `rye lock` or `rye sync` to update this lockfile
#
# last locked with the following flags:
#   pre: false
#   features: []
#   all-features: false
#   with-sources: false
#   generate-hashes: false
#   universal: false

-e file:.
panda3d==1.10.15
    # via engine
    # via panda3d-simplepbr
panda3d-simplepbr==0.13.1
    # via engine
typing-extensions==4.13.2
    # via panda3d-simplepbr
